// !$*UTF8*$!
{
	archiveVersion = 1;
	classes = {
	};
	objectVersion = 50;
	objects = {

/* Begin PBXBuildFile section */
		13268918270B478400EF24C5 /* main.cpp in Sources */ = {isa = PBXBuildFile; fileRef = 13268917270B478400EF24C5 /* main.cpp */; };
		13268924270B4B0900EF24C5 /* libsfml-graphics.2.5.1.dylib in Frameworks */ = {isa = PBXBuildFile; fileRef = 1326891F270B4B0900EF24C5 /* libsfml-graphics.2.5.1.dylib */; };
		13268925270B4B0900EF24C5 /* libsfml-network.2.5.1.dylib in Frameworks */ = {isa = PBXBuildFile; fileRef = 13268920270B4B0900EF24C5 /* libsfml-network.2.5.1.dylib */; };
		13268926270B4B0900EF24C5 /* libsfml-system.2.5.1.dylib in Frameworks */ = {isa = PBXBuildFile; fileRef = 13268921270B4B0900EF24C5 /* libsfml-system.2.5.1.dylib */; };
		13268927270B4B0900EF24C5 /* libsfml-window.2.5.1.dylib in Frameworks */ = {isa = PBXBuildFile; fileRef = 13268922270B4B0900EF24C5 /* libsfml-window.2.5.1.dylib */; };
		13268928270B4B0900EF24C5 /* libsfml-audio.2.5.1.dylib in Frameworks */ = {isa = PBXBuildFile; fileRef = 13268923270B4B0900EF24C5 /* libsfml-audio.2.5.1.dylib */; };
		1326892E270BB39100EF24C5 /* tile.cpp in Sources */ = {isa = PBXBuildFile; fileRef = 1326892C270BB39100EF24C5 /* tile.cpp */; };
		13268931270BB3E600EF24C5 /* grid.cpp in Sources */ = {isa = PBXBuildFile; fileRef = 1326892F270BB3E600EF24C5 /* grid.cpp */; };
		13268938270BC6A100EF24C5 /* game.cpp in Sources */ = {isa = PBXBuildFile; fileRef = 13268936270BC6A100EF24C5 /* game.cpp */; };
/* End PBXBuildFile section */

/* Begin PBXCopyFilesBuildPhase section */
		13268912270B478400EF24C5 /* CopyFiles */ = {
			isa = PBXCopyFilesBuildPhase;
			buildActionMask = 2147483647;
			dstPath = /usr/share/man/man1/;
			dstSubfolderSpec = 0;
			files = (
			);
			runOnlyForDeploymentPostprocessing = 1;
		};
/* End PBXCopyFilesBuildPhase section */

/* Begin PBXFileReference section */
		13268914270B478400EF24C5 /* 2048 */ = {isa = PBXFileReference; explicitFileType = "compiled.mach-o.executable"; includeInIndex = 0; path = 2048; sourceTree = BUILT_PRODUCTS_DIR; };
		13268917270B478400EF24C5 /* main.cpp */ = {isa = PBXFileReference; lastKnownFileType = sourcecode.cpp.cpp; path = main.cpp; sourceTree = "<group>"; };
		1326891F270B4B0900EF24C5 /* libsfml-graphics.2.5.1.dylib */ = {isa = PBXFileReference; lastKnownFileType = "compiled.mach-o.dylib"; name = "libsfml-graphics.2.5.1.dylib"; path = "ExtLib/SFML/lib/libsfml-graphics.2.5.1.dylib"; sourceTree = "<group>"; };
		13268920270B4B0900EF24C5 /* libsfml-network.2.5.1.dylib */ = {isa = PBXFileReference; lastKnownFileType = "compiled.mach-o.dylib"; name = "libsfml-network.2.5.1.dylib"; path = "ExtLib/SFML/lib/libsfml-network.2.5.1.dylib"; sourceTree = "<group>"; };
		13268921270B4B0900EF24C5 /* libsfml-system.2.5.1.dylib */ = {isa = PBXFileReference; lastKnownFileType = "compiled.mach-o.dylib"; name = "libsfml-system.2.5.1.dylib"; path = "ExtLib/SFML/lib/libsfml-system.2.5.1.dylib"; sourceTree = "<group>"; };
		13268922270B4B0900EF24C5 /* libsfml-window.2.5.1.dylib */ = {isa = PBXFileReference; lastKnownFileType = "compiled.mach-o.dylib"; name = "libsfml-window.2.5.1.dylib"; path = "ExtLib/SFML/lib/libsfml-window.2.5.1.dylib"; sourceTree = "<group>"; };
		13268923270B4B0900EF24C5 /* libsfml-audio.2.5.1.dylib */ = {isa = PBXFileReference; lastKnownFileType = "compiled.mach-o.dylib"; name = "libsfml-audio.2.5.1.dylib"; path = "ExtLib/SFML/lib/libsfml-audio.2.5.1.dylib"; sourceTree = "<group>"; };
		1326892C270BB39100EF24C5 /* tile.cpp */ = {isa = PBXFileReference; lastKnownFileType = sourcecode.cpp.cpp; path = tile.cpp; sourceTree = "<group>"; };
		1326892D270BB39100EF24C5 /* tile.hpp */ = {isa = PBXFileReference; lastKnownFileType = sourcecode.cpp.h; path = tile.hpp; sourceTree = "<group>"; };
		1326892F270BB3E600EF24C5 /* grid.cpp */ = {isa = PBXFileReference; lastKnownFileType = sourcecode.cpp.cpp; path = grid.cpp; sourceTree = "<group>"; };
		13268930270BB3E600EF24C5 /* grid.hpp */ = {isa = PBXFileReference; lastKnownFileType = sourcecode.cpp.h; path = grid.hpp; sourceTree = "<group>"; };
		13268936270BC6A100EF24C5 /* game.cpp */ = {isa = PBXFileReference; lastKnownFileType = sourcecode.cpp.cpp; path = game.cpp; sourceTree = "<group>"; };
		13268937270BC6A100EF24C5 /* game.hpp */ = {isa = PBXFileReference; lastKnownFileType = sourcecode.cpp.h; path = game.hpp; sourceTree = "<group>"; };
/* End PBXFileReference section */

/* Begin PBXFrameworksBuildPhase section */
		13268911270B478400EF24C5 /* Frameworks */ = {
			isa = PBXFrameworksBuildPhase;
			buildActionMask = 2147483647;
			files = (
				13268924270B4B0900EF24C5 /* libsfml-graphics.2.5.1.dylib in Frameworks */,
				13268925270B4B0900EF24C5 /* libsfml-network.2.5.1.dylib in Frameworks */,
				13268926270B4B0900EF24C5 /* libsfml-system.2.5.1.dylib in Frameworks */,
				13268927270B4B0900EF24C5 /* libsfml-window.2.5.1.dylib in Frameworks */,
				13268928270B4B0900EF24C5 /* libsfml-audio.2.5.1.dylib in Frameworks */,
			);
			runOnlyForDeploymentPostprocessing = 0;
		};
/* End PBXFrameworksBuildPhase section */

/* Begin PBXGroup section */
		1326890B270B478400EF24C5 = {
			isa = PBXGroup;
			children = (
				13268916270B478400EF24C5 /* 2048 */,
				13268915270B478400EF24C5 /* Products */,
				1326891E270B4B0800EF24C5 /* Frameworks */,
			);
			sourceTree = "<group>";
		};
		13268915270B478400EF24C5 /* Products */ = {
			isa = PBXGroup;
			children = (
				13268914270B478400EF24C5 /* 2048 */,
			);
			name = Products;
			sourceTree = "<group>";
		};
		13268916270B478400EF24C5 /* 2048 */ = {
			isa = PBXGroup;
			children = (
				13268917270B478400EF24C5 /* main.cpp */,
				1326892C270BB39100EF24C5 /* tile.cpp */,
				1326892D270BB39100EF24C5 /* tile.hpp */,
				1326892F270BB3E600EF24C5 /* grid.cpp */,
				13268930270BB3E600EF24C5 /* grid.hpp */,
				13268936270BC6A100EF24C5 /* game.cpp */,
				13268937270BC6A100EF24C5 /* game.hpp */,
			);
			path = 2048;
			sourceTree = "<group>";
		};
		1326891E270B4B0800EF24C5 /* Frameworks */ = {
			isa = PBXGroup;
			children = (
				13268923270B4B0900EF24C5 /* libsfml-audio.2.5.1.dylib */,
				1326891F270B4B0900EF24C5 /* libsfml-graphics.2.5.1.dylib */,
				13268920270B4B0900EF24C5 /* libsfml-network.2.5.1.dylib */,
				13268921270B4B0900EF24C5 /* libsfml-system.2.5.1.dylib */,
				13268922270B4B0900EF24C5 /* libsfml-window.2.5.1.dylib */,
			);
			name = Frameworks;
			sourceTree = "<group>";
		};
/* End PBXGroup section */

/* Begin PBXNativeTarget section */
		13268913270B478400EF24C5 /* 2048 */ = {
			isa = PBXNativeTarget;
			buildConfigurationList = 1326891B270B478400EF24C5 /* Build configuration list for PBXNativeTarget "2048" */;
			buildPhases = (
				13268910270B478400EF24C5 /* Sources */,
				13268911270B478400EF24C5 /* Frameworks */,
				13268912270B478400EF24C5 /* CopyFiles */,
			);
			buildRules = (
			);
			dependencies = (
			);
			name = 2048;
			productName = 2048;
			productReference = 13268914270B478400EF24C5 /* 2048 */;
			productType = "com.apple.product-type.tool";
		};
/* End PBXNativeTarget section */

/* Begin PBXProject section */
		1326890C270B478400EF24C5 /* Project object */ = {
			isa = PBXProject;
			attributes = {
				LastUpgradeCheck = 1030;
				ORGANIZATIONNAME = ModX;
				TargetAttributes = {
					13268913270B478400EF24C5 = {
						CreatedOnToolsVersion = 10.3;
					};
				};
			};
			buildConfigurationList = 1326890F270B478400EF24C5 /* Build configuration list for PBXProject "2048" */;
			compatibilityVersion = "Xcode 9.3";
			developmentRegion = en;
			hasScannedForEncodings = 0;
			knownRegions = (
				en,
			);
			mainGroup = 1326890B270B478400EF24C5;
			productRefGroup = 13268915270B478400EF24C5 /* Products */;
			projectDirPath = "";
			projectRoot = "";
			targets = (
				13268913270B478400EF24C5 /* 2048 */,
			);
		};
/* End PBXProject section */

/* Begin PBXSourcesBuildPhase section */
		13268910270B478400EF24C5 /* Sources */ = {
			isa = PBXSourcesBuildPhase;
			buildActionMask = 2147483647;
			files = (
				13268918270B478400EF24C5 /* main.cpp in Sources */,
				1326892E270BB39100EF24C5 /* tile.cpp in Sources */,
				13268931270BB3E600EF24C5 /* grid.cpp in Sources */,
				13268938270BC6A100EF24C5 /* game.cpp in Sources */,
			);
			runOnlyForDeploymentPostprocessing = 0;
		};
/* End PBXSourcesBuildPhase section */

/* Begin XCBuildConfiguration section */
		13268919270B478400EF24C5 /* Debug */ = {
			isa = XCBuildConfiguration;
			buildSettings = {
				ALWAYS_SEARCH_USER_PATHS = NO;
				CLANG_ANALYZER_NONNULL = YES;
				CLANG_ANALYZER_NUMBER_OBJECT_CONVERSION = YES_AGGRESSIVE;
				CLANG_CXX_LANGUAGE_STANDARD = "gnu++14";
				CLANG_CXX_LIBRARY = "libc++";
				CLANG_ENABLE_MODULES = YES;
				CLANG_ENABLE_OBJC_ARC = YES;
				CLANG_ENABLE_OBJC_WEAK = YES;
				CLANG_WARN_BLOCK_CAPTURE_AUTORELEASING = YES;
				CLANG_WARN_BOOL_CONVERSION = YES;
				CLANG_WARN_COMMA = YES;
				CLANG_WARN_CONSTANT_CONVERSION = YES;
				CLANG_WARN_DEPRECATED_OBJC_IMPLEMENTATIONS = YES;
				CLANG_WARN_DIRECT_OBJC_ISA_USAGE = YES_ERROR;
				CLANG_WARN_DOCUMENTATION_COMMENTS = YES;
				CLANG_WARN_EMPTY_BODY = YES;
				CLANG_WARN_ENUM_CONVERSION = YES;
				CLANG_WARN_INFINITE_RECURSION = YES;
				CLANG_WARN_INT_CONVERSION = YES;
				CLANG_WARN_NON_LITERAL_NULL_CONVERSION = YES;
				CLANG_WARN_OBJC_IMPLICIT_RETAIN_SELF = YES;
				CLANG_WARN_OBJC_LITERAL_CONVERSION = YES;
				CLANG_WARN_OBJC_ROOT_CLASS = YES_ERROR;
				CLANG_WARN_RANGE_LOOP_ANALYSIS = YES;
				CLANG_WARN_STRICT_PROTOTYPES = YES;
				CLANG_WARN_SUSPICIOUS_MOVE = YES;
				CLANG_WARN_UNGUARDED_AVAILABILITY = YES_AGGRESSIVE;
				CLANG_WARN_UNREACHABLE_CODE = YES;
				CLANG_WARN__DUPLICATE_METHOD_MATCH = YES;
				CODE_SIGN_IDENTITY = "-";
				COPY_PHASE_STRIP = NO;
				DEBUG_INFORMATION_FORMAT = dwarf;
				ENABLE_STRICT_OBJC_MSGSEND = YES;
				ENABLE_TESTABILITY = YES;
				GCC_C_LANGUAGE_STANDARD = gnu11;
				GCC_DYNAMIC_NO_PIC = NO;
				GCC_NO_COMMON_BLOCKS = YES;
				GCC_OPTIMIZATION_LEVEL = 0;
				GCC_PREPROCESSOR_DEFINITIONS = (
					"DEBUG=1",
					"$(inherited)",
				);
				GCC_WARN_64_TO_32_BIT_CONVERSION = YES;
				GCC_WARN_ABOUT_RETURN_TYPE = YES_ERROR;
				GCC_WARN_UNDECLARED_SELECTOR = YES;
				GCC_WARN_UNINITIALIZED_AUTOS = YES_AGGRESSIVE;
				GCC_WARN_UNUSED_FUNCTION = YES;
				GCC_WARN_UNUSED_VARIABLE = YES;
				MACOSX_DEPLOYMENT_TARGET = 10.14;
				MTL_ENABLE_DEBUG_INFO = INCLUDE_SOURCE;
				MTL_FAST_MATH = YES;
				ONLY_ACTIVE_ARCH = YES;
				SDKROOT = macosx;
			};
			name = Debug;
		};
		1326891A270B478400EF24C5 /* Release */ = {
			isa = XCBuildConfiguration;
			buildSettings = {
				ALWAYS_SEARCH_USER_PATHS = NO;
				CLANG_ANALYZER_NONNULL = YES;
				CLANG_ANALYZER_NUMBER_OBJECT_CONVERSION = YES_AGGRESSIVE;
				CLANG_CXX_LANGUAGE_STANDARD = "gnu++14";
				CLANG_CXX_LIBRARY = "libc++";
				CLANG_ENABLE_MODULES = YES;
				CLANG_ENABLE_OBJC_ARC = YES;
				CLANG_ENABLE_OBJC_WEAK = YES;
				CLANG_WARN_BLOCK_CAPTURE_AUTORELEASING = YES;
				CLANG_WARN_BOOL_CONVERSION = YES;
				CLANG_WARN_COMMA = YES;
				CLANG_WARN_CONSTANT_CONVERSION = YES;
				CLANG_WARN_DEPRECATED_OBJC_IMPLEMENTATIONS = YES;
				CLANG_WARN_DIRECT_OBJC_ISA_USAGE = YES_ERROR;
				CLANG_WARN_DOCUMENTATION_COMMENTS = YES;
				CLANG_WARN_EMPTY_BODY = YES;
				CLANG_WARN_ENUM_CONVERSION = YES;
				CLANG_WARN_INFINITE_RECURSION = YES;
				CLANG_WARN_INT_CONVERSION = YES;
				CLANG_WARN_NON_LITERAL_NULL_CONVERSION = YES;
				CLANG_WARN_OBJC_IMPLICIT_RETAIN_SELF = YES;
				CLANG_WARN_OBJC_LITERAL_CONVERSION = YES;
				CLANG_WARN_OBJC_ROOT_CLASS = YES_ERROR;
				CLANG_WARN_RANGE_LOOP_ANALYSIS = YES;
				CLANG_WARN_STRICT_PROTOTYPES = YES;
				CLANG_WARN_SUSPICIOUS_MOVE = YES;
				CLANG_WARN_UNGUARDED_AVAILABILITY = YES_AGGRESSIVE;
				CLANG_WARN_UNREACHABLE_CODE = YES;
				CLANG_WARN__DUPLICATE_METHOD_MATCH = YES;
				CODE_SIGN_IDENTITY = "-";
				COPY_PHASE_STRIP = NO;
				DEBUG_INFORMATION_FORMAT = "dwarf-with-dsym";
				ENABLE_NS_ASSERTIONS = NO;
				ENABLE_STRICT_OBJC_MSGSEND = YES;
				GCC_C_LANGUAGE_STANDARD = gnu11;
				GCC_NO_COMMON_BLOCKS = YES;
				GCC_WARN_64_TO_32_BIT_CONVERSION = YES;
				GCC_WARN_ABOUT_RETURN_TYPE = YES_ERROR;
				GCC_WARN_UNDECLARED_SELECTOR = YES;
				GCC_WARN_UNINITIALIZED_AUTOS = YES_AGGRESSIVE;
				GCC_WARN_UNUSED_FUNCTION = YES;
				GCC_WARN_UNUSED_VARIABLE = YES;
				MACOSX_DEPLOYMENT_TARGET = 10.14;
				MTL_ENABLE_DEBUG_INFO = NO;
				MTL_FAST_MATH = YES;
				SDKROOT = macosx;
			};
			name = Release;
		};
		1326891C270B478400EF24C5 /* Debug */ = {
			isa = XCBuildConfiguration;
			buildSettings = {
				CODE_SIGN_STYLE = Automatic;
				HEADER_SEARCH_PATHS = "${SRCROOT}/ExtLib/SFML/include";
				LIBRARY_SEARCH_PATHS = (
					"$(inherited)",
					"$(PROJECT_DIR)/ExtLib/SFML/lib",
				);
				PRODUCT_NAME = "$(TARGET_NAME)";
			};
			name = Debug;
		};
		1326891D270B478400EF24C5 /* Release */ = {
			isa = XCBuildConfiguration;
			buildSettings = {
				CODE_SIGN_STYLE = Automatic;
				HEADER_SEARCH_PATHS = "${SRCROOT}/ExtLib/SFML/include";
				LIBRARY_SEARCH_PATHS = (
					"$(inherited)",
					"$(PROJECT_DIR)/ExtLib/SFML/lib",
				);
				PRODUCT_NAME = "$(TARGET_NAME)";
			};
			name = Release;
		};
/* End XCBuildConfiguration section */

/* Begin XCConfigurationList section */
		1326890F270B478400EF24C5 /* Build configuration list for PBXProject "2048" */ = {
			isa = XCConfigurationList;
			buildConfigurations = (
				13268919270B478400EF24C5 /* Debug */,
				1326891A270B478400EF24C5 /* Release */,
			);
			defaultConfigurationIsVisible = 0;
			defaultConfigurationName = Release;
		};
		1326891B270B478400EF24C5 /* Build configuration list for PBXNativeTarget "2048" */ = {
			isa = XCConfigurationList;
			buildConfigurations = (
				1326891C270B478400EF24C5 /* Debug */,
				1326891D270B478400EF24C5 /* Release */,
			);
			defaultConfigurationIsVisible = 0;
			defaultConfigurationName = Release;
		};
/* End XCConfigurationList section */
	};
	rootObject = 1326890C270B478400EF24C5 /* Project object */;
}
